// !$*UTF8*$!
{
	archiveVersion = 1;
	classes = {
	};
	objectVersion = 50;
	objects = {

/* Begin PBXBuildFile section */
		B523D9992603806700C52185 /* AddDdayViewController.swift in Sources */ = {isa = PBXBuildFile; fileRef = B523D9982603806700C52185 /* AddDdayViewController.swift */; };
		B523D99C2603807E00C52185 /* AddDdayViewController.storyboard in Resources */ = {isa = PBXBuildFile; fileRef = B523D99B2603807E00C52185 /* AddDdayViewController.storyboard */; };
		B54E4F6826049EDD007491C0 /* DdayListCell.swift in Sources */ = {isa = PBXBuildFile; fileRef = B54E4F6626049EDD007491C0 /* DdayListCell.swift */; };
		B54E4F6926049EDD007491C0 /* DdayListCell.xib in Resources */ = {isa = PBXBuildFile; fileRef = B54E4F6726049EDD007491C0 /* DdayListCell.xib */; };
		B5FE0D8A260312E00028DD9C /* AppDelegate.swift in Sources */ = {isa = PBXBuildFile; fileRef = B5FE0D89260312E00028DD9C /* AppDelegate.swift */; };
		B5FE0D8C260312E00028DD9C /* SceneDelegate.swift in Sources */ = {isa = PBXBuildFile; fileRef = B5FE0D8B260312E00028DD9C /* SceneDelegate.swift */; };
		B5FE0D8E260312E00028DD9C /* MainViewController.swift in Sources */ = {isa = PBXBuildFile; fileRef = B5FE0D8D260312E00028DD9C /* MainViewController.swift */; };
		B5FE0D91260312E00028DD9C /* Main.storyboard in Resources */ = {isa = PBXBuildFile; fileRef = B5FE0D8F260312E00028DD9C /* Main.storyboard */; };
		B5FE0D93260312E00028DD9C /* Assets.xcassets in Resources */ = {isa = PBXBuildFile; fileRef = B5FE0D92260312E00028DD9C /* Assets.xcassets */; };
		B5FE0D96260312E00028DD9C /* LaunchScreen.storyboard in Resources */ = {isa = PBXBuildFile; fileRef = B5FE0D94260312E00028DD9C /* LaunchScreen.storyboard */; };
		B5FE0DA02603269C0028DD9C /* Common.swift in Sources */ = {isa = PBXBuildFile; fileRef = B5FE0D9F2603269C0028DD9C /* Common.swift */; };
/* End PBXBuildFile section */

/* Begin PBXFileReference section */
		B523D9982603806700C52185 /* AddDdayViewController.swift */ = {isa = PBXFileReference; lastKnownFileType = sourcecode.swift; path = AddDdayViewController.swift; sourceTree = "<group>"; };
		B523D99B2603807E00C52185 /* AddDdayViewController.storyboard */ = {isa = PBXFileReference; lastKnownFileType = file.storyboard; path = AddDdayViewController.storyboard; sourceTree = "<group>"; };
		B54E4F6626049EDD007491C0 /* DdayListCell.swift */ = {isa = PBXFileReference; lastKnownFileType = sourcecode.swift; path = DdayListCell.swift; sourceTree = "<group>"; };
		B54E4F6726049EDD007491C0 /* DdayListCell.xib */ = {isa = PBXFileReference; lastKnownFileType = file.xib; path = DdayListCell.xib; sourceTree = "<group>"; };
		B5FE0D86260312E00028DD9C /* SimpleDday.app */ = {isa = PBXFileReference; explicitFileType = wrapper.application; includeInIndex = 0; path = SimpleDday.app; sourceTree = BUILT_PRODUCTS_DIR; };
		B5FE0D89260312E00028DD9C /* AppDelegate.swift */ = {isa = PBXFileReference; lastKnownFileType = sourcecode.swift; path = AppDelegate.swift; sourceTree = "<group>"; };
		B5FE0D8B260312E00028DD9C /* SceneDelegate.swift */ = {isa = PBXFileReference; lastKnownFileType = sourcecode.swift; path = SceneDelegate.swift; sourceTree = "<group>"; };
		B5FE0D8D260312E00028DD9C /* MainViewController.swift */ = {isa = PBXFileReference; lastKnownFileType = sourcecode.swift; path = MainViewController.swift; sourceTree = "<group>"; };
		B5FE0D90260312E00028DD9C /* Base */ = {isa = PBXFileReference; lastKnownFileType = file.storyboard; name = Base; path = Base.lproj/Main.storyboard; sourceTree = "<group>"; };
		B5FE0D92260312E00028DD9C /* Assets.xcassets */ = {isa = PBXFileReference; lastKnownFileType = folder.assetcatalog; path = Assets.xcassets; sourceTree = "<group>"; };
		B5FE0D95260312E00028DD9C /* Base */ = {isa = PBXFileReference; lastKnownFileType = file.storyboard; name = Base; path = Base.lproj/LaunchScreen.storyboard; sourceTree = "<group>"; };
		B5FE0D97260312E00028DD9C /* Info.plist */ = {isa = PBXFileReference; lastKnownFileType = text.plist.xml; path = Info.plist; sourceTree = "<group>"; };
		B5FE0D9F2603269C0028DD9C /* Common.swift */ = {isa = PBXFileReference; lastKnownFileType = sourcecode.swift; path = Common.swift; sourceTree = "<group>"; };
/* End PBXFileReference section */

/* Begin PBXFrameworksBuildPhase section */
		B5FE0D83260312E00028DD9C /* Frameworks */ = {
			isa = PBXFrameworksBuildPhase;
			buildActionMask = 2147483647;
			files = (
			);
			runOnlyForDeploymentPostprocessing = 0;
		};
/* End PBXFrameworksBuildPhase section */

/* Begin PBXGroup section */
		B5FE0D7D260312E00028DD9C = {
			isa = PBXGroup;
			children = (
				B5FE0D88260312E00028DD9C /* SimpleDday */,
				B5FE0D87260312E00028DD9C /* Products */,
			);
			sourceTree = "<group>";
		};
		B5FE0D87260312E00028DD9C /* Products */ = {
			isa = PBXGroup;
			children = (
				B5FE0D86260312E00028DD9C /* SimpleDday.app */,
			);
			name = Products;
			sourceTree = "<group>";
		};
		B5FE0D88260312E00028DD9C /* SimpleDday */ = {
			isa = PBXGroup;
			children = (
				B5FE0D89260312E00028DD9C /* AppDelegate.swift */,
				B5FE0D8B260312E00028DD9C /* SceneDelegate.swift */,
				B5FE0D9F2603269C0028DD9C /* Common.swift */,
				B54E4F6626049EDD007491C0 /* DdayListCell.swift */,
				B54E4F6726049EDD007491C0 /* DdayListCell.xib */,
				B5FE0D8D260312E00028DD9C /* MainViewController.swift */,
				B5FE0D8F260312E00028DD9C /* Main.storyboard */,
				B523D9982603806700C52185 /* AddDdayViewController.swift */,
				B523D99B2603807E00C52185 /* AddDdayViewController.storyboard */,
				B5FE0D92260312E00028DD9C /* Assets.xcassets */,
				B5FE0D94260312E00028DD9C /* LaunchScreen.storyboard */,
				B5FE0D97260312E00028DD9C /* Info.plist */,
			);
			path = SimpleDday;
			sourceTree = "<group>";
		};
/* End PBXGroup section */

/* Begin PBXNativeTarget section */
		B5FE0D85260312E00028DD9C /* SimpleDday */ = {
			isa = PBXNativeTarget;
			buildConfigurationList = B5FE0D9A260312E00028DD9C /* Build configuration list for PBXNativeTarget "SimpleDday" */;
			buildPhases = (
				B5FE0D82260312E00028DD9C /* Sources */,
				B5FE0D83260312E00028DD9C /* Frameworks */,
				B5FE0D84260312E00028DD9C /* Resources */,
			);
			buildRules = (
			);
			dependencies = (
			);
			name = SimpleDday;
			productName = SimpleDday;
			productReference = B5FE0D86260312E00028DD9C /* SimpleDday.app */;
			productType = "com.apple.product-type.application";
		};
/* End PBXNativeTarget section */

/* Begin PBXProject section */
		B5FE0D7E260312E00028DD9C /* Project object */ = {
			isa = PBXProject;
			attributes = {
				LastSwiftUpdateCheck = 1240;
				LastUpgradeCheck = 1240;
				TargetAttributes = {
					B5FE0D85260312E00028DD9C = {
						CreatedOnToolsVersion = 12.4;
					};
				};
			};
			buildConfigurationList = B5FE0D81260312E00028DD9C /* Build configuration list for PBXProject "SimpleDday" */;
			compatibilityVersion = "Xcode 9.3";
			developmentRegion = en;
			hasScannedForEncodings = 0;
			knownRegions = (
				en,
				Base,
			);
			mainGroup = B5FE0D7D260312E00028DD9C;
			productRefGroup = B5FE0D87260312E00028DD9C /* Products */;
			projectDirPath = "";
			projectRoot = "";
			targets = (
				B5FE0D85260312E00028DD9C /* SimpleDday */,
			);
		};
/* End PBXProject section */

/* Begin PBXResourcesBuildPhase section */
		B5FE0D84260312E00028DD9C /* Resources */ = {
			isa = PBXResourcesBuildPhase;
			buildActionMask = 2147483647;
			files = (
				B54E4F6926049EDD007491C0 /* DdayListCell.xib in Resources */,
				B5FE0D96260312E00028DD9C /* LaunchScreen.storyboard in Resources */,
				B5FE0D93260312E00028DD9C /* Assets.xcassets in Resources */,
				B523D99C2603807E00C52185 /* AddDdayViewController.storyboard in Resources */,
				B5FE0D91260312E00028DD9C /* Main.storyboard in Resources */,
			);
			runOnlyForDeploymentPostprocessing = 0;
		};
/* End PBXResourcesBuildPhase section */

/* Begin PBXSourcesBuildPhase section */
		B5FE0D82260312E00028DD9C /* Sources */ = {
			isa = PBXSourcesBuildPhase;
			buildActionMask = 2147483647;
			files = (
				B5FE0DA02603269C0028DD9C /* Common.swift in Sources */,
				B523D9992603806700C52185 /* AddDdayViewController.swift in Sources */,
				B5FE0D8E260312E00028DD9C /* MainViewController.swift in Sources */,
				B5FE0D8A260312E00028DD9C /* AppDelegate.swift in Sources */,
				B54E4F6826049EDD007491C0 /* DdayListCell.swift in Sources */,
				B5FE0D8C260312E00028DD9C /* SceneDelegate.swift in Sources */,
			);
			runOnlyForDeploymentPostprocessing = 0;
		};
/* End PBXSourcesBuildPhase section */

/* Begin PBXVariantGroup section */
		B5FE0D8F260312E00028DD9C /* Main.storyboard */ = {
			isa = PBXVariantGroup;
			children = (
				B5FE0D90260312E00028DD9C /* Base */,
			);
			name = Main.storyboard;
			sourceTree = "<group>";
		};
		B5FE0D94260312E00028DD9C /* LaunchScreen.storyboard */ = {
			isa = PBXVariantGroup;
			children = (
				B5FE0D95260312E00028DD9C /* Base */,
			);
			name = LaunchScreen.storyboard;
			sourceTree = "<group>";
		};
/* End PBXVariantGroup section */

/* Begin XCBuildConfiguration section */
		B5FE0D98260312E00028DD9C /* Debug */ = {
			isa = XCBuildConfiguration;
			buildSettings = {
				ALWAYS_SEARCH_USER_PATHS = NO;
				CLANG_ANALYZER_NONNULL = YES;
				CLANG_ANALYZER_NUMBER_OBJECT_CONVERSION = YES_AGGRESSIVE;
				CLANG_CXX_LANGUAGE_STANDARD = "gnu++14";
				CLANG_CXX_LIBRARY = "libc++";
				CLANG_ENABLE_MODULES = YES;
				CLANG_ENABLE_OBJC_ARC = YES;
				CLANG_ENABLE_OBJC_WEAK = YES;
				CLANG_WARN_BLOCK_CAPTURE_AUTORELEASING = YES;
				CLANG_WARN_BOOL_CONVERSION = YES;
				CLANG_WARN_COMMA = YES;
				CLANG_WARN_CONSTANT_CONVERSION = YES;
				CLANG_WARN_DEPRECATED_OBJC_IMPLEMENTATIONS = YES;
				CLANG_WARN_DIRECT_OBJC_ISA_USAGE = YES_ERROR;
				CLANG_WARN_DOCUMENTATION_COMMENTS = YES;
				CLANG_WARN_EMPTY_BODY = YES;
				CLANG_WARN_ENUM_CONVERSION = YES;
				CLANG_WARN_INFINITE_RECURSION = YES;
				CLANG_WARN_INT_CONVERSION = YES;
				CLANG_WARN_NON_LITERAL_NULL_CONVERSION = YES;
				CLANG_WARN_OBJC_IMPLICIT_RETAIN_SELF = YES;
				CLANG_WARN_OBJC_LITERAL_CONVERSION = YES;
				CLANG_WARN_OBJC_ROOT_CLASS = YES_ERROR;
				CLANG_WARN_QUOTED_INCLUDE_IN_FRAMEWORK_HEADER = YES;
				CLANG_WARN_RANGE_LOOP_ANALYSIS = YES;
				CLANG_WARN_STRICT_PROTOTYPES = YES;
				CLANG_WARN_SUSPICIOUS_MOVE = YES;
				CLANG_WARN_UNGUARDED_AVAILABILITY = YES_AGGRESSIVE;
				CLANG_WARN_UNREACHABLE_CODE = YES;
				CLANG_WARN__DUPLICATE_METHOD_MATCH = YES;
				COPY_PHASE_STRIP = NO;
				DEBUG_INFORMATION_FORMAT = dwarf;
				ENABLE_STRICT_OBJC_MSGSEND = YES;
				ENABLE_TESTABILITY = YES;
				GCC_C_LANGUAGE_STANDARD = gnu11;
				GCC_DYNAMIC_NO_PIC = NO;
				GCC_NO_COMMON_BLOCKS = YES;
				GCC_OPTIMIZATION_LEVEL = 0;
				GCC_PREPROCESSOR_DEFINITIONS = (
					"DEBUG=1",
					"$(inherited)",
				);
				GCC_WARN_64_TO_32_BIT_CONVERSION = YES;
				GCC_WARN_ABOUT_RETURN_TYPE = YES_ERROR;
				GCC_WARN_UNDECLARED_SELECTOR = YES;
				GCC_WARN_UNINITIALIZED_AUTOS = YES_AGGRESSIVE;
				GCC_WARN_UNUSED_FUNCTION = YES;
				GCC_WARN_UNUSED_VARIABLE = YES;
				IPHONEOS_DEPLOYMENT_TARGET = 14.4;
				MTL_ENABLE_DEBUG_INFO = INCLUDE_SOURCE;
				MTL_FAST_MATH = YES;
				ONLY_ACTIVE_ARCH = YES;
				SDKROOT = iphoneos;
				SWIFT_ACTIVE_COMPILATION_CONDITIONS = DEBUG;
				SWIFT_OPTIMIZATION_LEVEL = "-Onone";
			};
			name = Debug;
		};
		B5FE0D99260312E00028DD9C /* Release */ = {
			isa = XCBuildConfiguration;
			buildSettings = {
				ALWAYS_SEARCH_USER_PATHS = NO;
				CLANG_ANALYZER_NONNULL = YES;
				CLANG_ANALYZER_NUMBER_OBJECT_CONVERSION = YES_AGGRESSIVE;
				CLANG_CXX_LANGUAGE_STANDARD = "gnu++14";
				CLANG_CXX_LIBRARY = "libc++";
				CLANG_ENABLE_MODULES = YES;
				CLANG_ENABLE_OBJC_ARC = YES;
				CLANG_ENABLE_OBJC_WEAK = YES;
				CLANG_WARN_BLOCK_CAPTURE_AUTORELEASING = YES;
				CLANG_WARN_BOOL_CONVERSION = YES;
				CLANG_WARN_COMMA = YES;
				CLANG_WARN_CONSTANT_CONVERSION = YES;
				CLANG_WARN_DEPRECATED_OBJC_IMPLEMENTATIONS = YES;
				CLANG_WARN_DIRECT_OBJC_ISA_USAGE = YES_ERROR;
				CLANG_WARN_DOCUMENTATION_COMMENTS = YES;
				CLANG_WARN_EMPTY_BODY = YES;
				CLANG_WARN_ENUM_CONVERSION = YES;
				CLANG_WARN_INFINITE_RECURSION = YES;
				CLANG_WARN_INT_CONVERSION = YES;
				CLANG_WARN_NON_LITERAL_NULL_CONVERSION = YES;
				CLANG_WARN_OBJC_IMPLICIT_RETAIN_SELF = YES;
				CLANG_WARN_OBJC_LITERAL_CONVERSION = YES;
				CLANG_WARN_OBJC_ROOT_CLASS = YES_ERROR;
				CLANG_WARN_QUOTED_INCLUDE_IN_FRAMEWORK_HEADER = YES;
				CLANG_WARN_RANGE_LOOP_ANALYSIS = YES;
				CLANG_WARN_STRICT_PROTOTYPES = YES;
				CLANG_WARN_SUSPICIOUS_MOVE = YES;
				CLANG_WARN_UNGUARDED_AVAILABILITY = YES_AGGRESSIVE;
				CLANG_WARN_UNREACHABLE_CODE = YES;
				CLANG_WARN__DUPLICATE_METHOD_MATCH = YES;
				COPY_PHASE_STRIP = NO;
				DEBUG_INFORMATION_FORMAT = "dwarf-with-dsym";
				ENABLE_NS_ASSERTIONS = NO;
				ENABLE_STRICT_OBJC_MSGSEND = YES;
				GCC_C_LANGUAGE_STANDARD = gnu11;
				GCC_NO_COMMON_BLOCKS = YES;
				GCC_WARN_64_TO_32_BIT_CONVERSION = YES;
				GCC_WARN_ABOUT_RETURN_TYPE = YES_ERROR;
				GCC_WARN_UNDECLARED_SELECTOR = YES;
				GCC_WARN_UNINITIALIZED_AUTOS = YES_AGGRESSIVE;
				GCC_WARN_UNUSED_FUNCTION = YES;
				GCC_WARN_UNUSED_VARIABLE = YES;
				IPHONEOS_DEPLOYMENT_TARGET = 14.4;
				MTL_ENABLE_DEBUG_INFO = NO;
				MTL_FAST_MATH = YES;
				SDKROOT = iphoneos;
				SWIFT_COMPILATION_MODE = wholemodule;
				SWIFT_OPTIMIZATION_LEVEL = "-O";
				VALIDATE_PRODUCT = YES;
			};
			name = Release;
		};
		B5FE0D9B260312E00028DD9C /* Debug */ = {
			isa = XCBuildConfiguration;
			buildSettings = {
				ASSETCATALOG_COMPILER_APPICON_NAME = AppIcon;
				ASSETCATALOG_COMPILER_GLOBAL_ACCENT_COLOR_NAME = AccentColor;
				CODE_SIGN_STYLE = Automatic;
				DEVELOPMENT_TEAM = NSCRL9SYQK;
				INFOPLIST_FILE = SimpleDday/Info.plist;
				LD_RUNPATH_SEARCH_PATHS = (
					"$(inherited)",
					"@executable_path/Frameworks",
				);
				PRODUCT_BUNDLE_IDENTIFIER = com.sbk.SimpleDday;
				PRODUCT_NAME = "$(TARGET_NAME)";
				SWIFT_VERSION = 5.0;
				TARGETED_DEVICE_FAMILY = "1,2";
			};
			name = Debug;
		};
		B5FE0D9C260312E00028DD9C /* Release */ = {
			isa = XCBuildConfiguration;
			buildSettings = {
				ASSETCATALOG_COMPILER_APPICON_NAME = AppIcon;
				ASSETCATALOG_COMPILER_GLOBAL_ACCENT_COLOR_NAME = AccentColor;
				CODE_SIGN_STYLE = Automatic;
				DEVELOPMENT_TEAM = NSCRL9SYQK;
				INFOPLIST_FILE = SimpleDday/Info.plist;
				LD_RUNPATH_SEARCH_PATHS = (
					"$(inherited)",
					"@executable_path/Frameworks",
				);
				PRODUCT_BUNDLE_IDENTIFIER = com.sbk.SimpleDday;
				PRODUCT_NAME = "$(TARGET_NAME)";
				SWIFT_VERSION = 5.0;
				TARGETED_DEVICE_FAMILY = "1,2";
			};
			name = Release;
		};
/* End XCBuildConfiguration section */

/* Begin XCConfigurationList section */
		B5FE0D81260312E00028DD9C /* Build configuration list for PBXProject "SimpleDday" */ = {
			isa = XCConfigurationList;
			buildConfigurations = (
				B5FE0D98260312E00028DD9C /* Debug */,
				B5FE0D99260312E00028DD9C /* Release */,
			);
			defaultConfigurationIsVisible = 0;
			defaultConfigurationName = Release;
		};
		B5FE0D9A260312E00028DD9C /* Build configuration list for PBXNativeTarget "SimpleDday" */ = {
			isa = XCConfigurationList;
			buildConfigurations = (
				B5FE0D9B260312E00028DD9C /* Debug */,
				B5FE0D9C260312E00028DD9C /* Release */,
			);
			defaultConfigurationIsVisible = 0;
			defaultConfigurationName = Release;
		};
/* End XCConfigurationList section */
	};
	rootObject = B5FE0D7E260312E00028DD9C /* Project object */;
}
