// !$*UTF8*$!
{
	archiveVersion = 1;
	classes = {
	};
	objectVersion = 50;
	objects = {

/* Begin PBXBuildFile section */
		B51064452638156900439341 /* Theme.swift in Sources */ = {isa = PBXBuildFile; fileRef = B51064442638156900439341 /* Theme.swift */; };
		B51064462638156900439341 /* Theme.swift in Sources */ = {isa = PBXBuildFile; fileRef = B51064442638156900439341 /* Theme.swift */; };
		B51064472638156900439341 /* Theme.swift in Sources */ = {isa = PBXBuildFile; fileRef = B51064442638156900439341 /* Theme.swift */; };
		B523D9992603806700C52185 /* AddDdayViewController.swift in Sources */ = {isa = PBXBuildFile; fileRef = B523D9982603806700C52185 /* AddDdayViewController.swift */; };
		B523D99C2603807E00C52185 /* AddDdayViewController.storyboard in Resources */ = {isa = PBXBuildFile; fileRef = B523D99B2603807E00C52185 /* AddDdayViewController.storyboard */; };
		B54E4F6826049EDD007491C0 /* DdayListCell.swift in Sources */ = {isa = PBXBuildFile; fileRef = B54E4F6626049EDD007491C0 /* DdayListCell.swift */; };
		B54E4F6926049EDD007491C0 /* DdayListCell.xib in Resources */ = {isa = PBXBuildFile; fileRef = B54E4F6726049EDD007491C0 /* DdayListCell.xib */; };
		B54F5DA9262C193A009AEC88 /* WidgetHelpViewController.swift in Sources */ = {isa = PBXBuildFile; fileRef = B54F5DA8262C193A009AEC88 /* WidgetHelpViewController.swift */; };
		B54F5DAE262C1947009AEC88 /* WidgetHelpViewController.storyboard in Resources */ = {isa = PBXBuildFile; fileRef = B54F5DAD262C1947009AEC88 /* WidgetHelpViewController.storyboard */; };
		B5A0230C260C391900A4C6A7 /* Storage.swift in Sources */ = {isa = PBXBuildFile; fileRef = B5A0230B260C391900A4C6A7 /* Storage.swift */; };
		B5A02313260C497900A4C6A7 /* Storage.swift in Sources */ = {isa = PBXBuildFile; fileRef = B5A0230B260C391900A4C6A7 /* Storage.swift */; };
		B5A02317260C497A00A4C6A7 /* Storage.swift in Sources */ = {isa = PBXBuildFile; fileRef = B5A0230B260C391900A4C6A7 /* Storage.swift */; };
		B5D35355260A04F9007A2795 /* WidgetKit.framework in Frameworks */ = {isa = PBXBuildFile; fileRef = B5D35354260A04F9007A2795 /* WidgetKit.framework */; };
		B5D35357260A04F9007A2795 /* SwiftUI.framework in Frameworks */ = {isa = PBXBuildFile; fileRef = B5D35356260A04F9007A2795 /* SwiftUI.framework */; };
		B5D3535A260A04F9007A2795 /* DdayWidget.swift in Sources */ = {isa = PBXBuildFile; fileRef = B5D35359260A04F9007A2795 /* DdayWidget.swift */; };
		B5D3535D260A04F9007A2795 /* Assets.xcassets in Resources */ = {isa = PBXBuildFile; fileRef = B5D3535C260A04F9007A2795 /* Assets.xcassets */; };
		B5D35363260A04F9007A2795 /* DdayWidgetExtension.appex in Embed App Extensions */ = {isa = PBXBuildFile; fileRef = B5D35352260A04F9007A2795 /* DdayWidgetExtension.appex */; settings = {ATTRIBUTES = (RemoveHeadersOnCopy, ); }; };
		B5D35372260A07B5007A2795 /* Intents.framework in Frameworks */ = {isa = PBXBuildFile; fileRef = B5D35371260A07B5007A2795 /* Intents.framework */; };
		B5D35375260A07B5007A2795 /* IntentHandler.swift in Sources */ = {isa = PBXBuildFile; fileRef = B5D35374260A07B5007A2795 /* IntentHandler.swift */; };
		B5D35379260A07B5007A2795 /* DdayIntent.appex in Embed App Extensions */ = {isa = PBXBuildFile; fileRef = B5D35370260A07B5007A2795 /* DdayIntent.appex */; settings = {ATTRIBUTES = (RemoveHeadersOnCopy, ); }; };
		B5D3539C260A198E007A2795 /* ConfigurationIntent.intentdefinition in Sources */ = {isa = PBXBuildFile; fileRef = B5D3539B260A198E007A2795 /* ConfigurationIntent.intentdefinition */; };
		B5D353B8260A20BB007A2795 /* ConfigurationIntent.intentdefinition in Sources */ = {isa = PBXBuildFile; fileRef = B5D3539B260A198E007A2795 /* ConfigurationIntent.intentdefinition */; };
		B5D353BC260A20BB007A2795 /* ConfigurationIntent.intentdefinition in Sources */ = {isa = PBXBuildFile; fileRef = B5D3539B260A198E007A2795 /* ConfigurationIntent.intentdefinition */; };
		B5D353C3260A2784007A2795 /* Common.swift in Sources */ = {isa = PBXBuildFile; fileRef = B5FE0D9F2603269C0028DD9C /* Common.swift */; };
		B5D353C7260A2785007A2795 /* Common.swift in Sources */ = {isa = PBXBuildFile; fileRef = B5FE0D9F2603269C0028DD9C /* Common.swift */; };
		B5D454A8262EEE6700FEBE2C /* Notifications.swift in Sources */ = {isa = PBXBuildFile; fileRef = B5D454A7262EEE6700FEBE2C /* Notifications.swift */; };
		B5E92C85262959CD00F4D8E1 /* DetailDdayController.swift in Sources */ = {isa = PBXBuildFile; fileRef = B5E92C84262959CD00F4D8E1 /* DetailDdayController.swift */; };
		B5E92C8D262959E100F4D8E1 /* DetailDdayController.storyboard in Resources */ = {isa = PBXBuildFile; fileRef = B5E92C8C262959E100F4D8E1 /* DetailDdayController.storyboard */; };
		B5FE0D8A260312E00028DD9C /* AppDelegate.swift in Sources */ = {isa = PBXBuildFile; fileRef = B5FE0D89260312E00028DD9C /* AppDelegate.swift */; };
		B5FE0D8C260312E00028DD9C /* SceneDelegate.swift in Sources */ = {isa = PBXBuildFile; fileRef = B5FE0D8B260312E00028DD9C /* SceneDelegate.swift */; };
		B5FE0D8E260312E00028DD9C /* MainViewController.swift in Sources */ = {isa = PBXBuildFile; fileRef = B5FE0D8D260312E00028DD9C /* MainViewController.swift */; };
		B5FE0D91260312E00028DD9C /* Main.storyboard in Resources */ = {isa = PBXBuildFile; fileRef = B5FE0D8F260312E00028DD9C /* Main.storyboard */; };
		B5FE0D93260312E00028DD9C /* Assets.xcassets in Resources */ = {isa = PBXBuildFile; fileRef = B5FE0D92260312E00028DD9C /* Assets.xcassets */; };
		B5FE0D96260312E00028DD9C /* LaunchScreen.storyboard in Resources */ = {isa = PBXBuildFile; fileRef = B5FE0D94260312E00028DD9C /* LaunchScreen.storyboard */; };
		B5FE0DA02603269C0028DD9C /* Common.swift in Sources */ = {isa = PBXBuildFile; fileRef = B5FE0D9F2603269C0028DD9C /* Common.swift */; };
/* End PBXBuildFile section */

/* Begin PBXContainerItemProxy section */
		B5D35361260A04F9007A2795 /* PBXContainerItemProxy */ = {
			isa = PBXContainerItemProxy;
			containerPortal = B5FE0D7E260312E00028DD9C /* Project object */;
			proxyType = 1;
			remoteGlobalIDString = B5D35351260A04F9007A2795;
			remoteInfo = DdayWidgetExtension;
		};
		B5D35377260A07B5007A2795 /* PBXContainerItemProxy */ = {
			isa = PBXContainerItemProxy;
			containerPortal = B5FE0D7E260312E00028DD9C /* Project object */;
			proxyType = 1;
			remoteGlobalIDString = B5D3536F260A07B5007A2795;
			remoteInfo = DdayIntent;
		};
/* End PBXContainerItemProxy section */

/* Begin PBXCopyFilesBuildPhase section */
		B5D35364260A04F9007A2795 /* Embed App Extensions */ = {
			isa = PBXCopyFilesBuildPhase;
			buildActionMask = 2147483647;
			dstPath = "";
			dstSubfolderSpec = 13;
			files = (
				B5D35379260A07B5007A2795 /* DdayIntent.appex in Embed App Extensions */,
				B5D35363260A04F9007A2795 /* DdayWidgetExtension.appex in Embed App Extensions */,
			);
			name = "Embed App Extensions";
			runOnlyForDeploymentPostprocessing = 0;
		};
/* End PBXCopyFilesBuildPhase section */

/* Begin PBXFileReference section */
		B51064442638156900439341 /* Theme.swift */ = {isa = PBXFileReference; lastKnownFileType = sourcecode.swift; path = Theme.swift; sourceTree = "<group>"; };
		B523D9982603806700C52185 /* AddDdayViewController.swift */ = {isa = PBXFileReference; lastKnownFileType = sourcecode.swift; path = AddDdayViewController.swift; sourceTree = "<group>"; };
		B523D99B2603807E00C52185 /* AddDdayViewController.storyboard */ = {isa = PBXFileReference; lastKnownFileType = file.storyboard; path = AddDdayViewController.storyboard; sourceTree = "<group>"; };
		B54E4F6626049EDD007491C0 /* DdayListCell.swift */ = {isa = PBXFileReference; lastKnownFileType = sourcecode.swift; path = DdayListCell.swift; sourceTree = "<group>"; };
		B54E4F6726049EDD007491C0 /* DdayListCell.xib */ = {isa = PBXFileReference; lastKnownFileType = file.xib; path = DdayListCell.xib; sourceTree = "<group>"; };
		B54F5DA8262C193A009AEC88 /* WidgetHelpViewController.swift */ = {isa = PBXFileReference; lastKnownFileType = sourcecode.swift; path = WidgetHelpViewController.swift; sourceTree = "<group>"; };
		B54F5DAD262C1947009AEC88 /* WidgetHelpViewController.storyboard */ = {isa = PBXFileReference; lastKnownFileType = file.storyboard; path = WidgetHelpViewController.storyboard; sourceTree = "<group>"; };
		B592BE3C260EF1F300E8367B /* SimpleDday.entitlements */ = {isa = PBXFileReference; lastKnownFileType = text.plist.entitlements; path = SimpleDday.entitlements; sourceTree = "<group>"; };
		B592BE3D260EF1FF00E8367B /* DdayWidgetExtension.entitlements */ = {isa = PBXFileReference; lastKnownFileType = text.plist.entitlements; path = DdayWidgetExtension.entitlements; sourceTree = "<group>"; };
		B592BE41260EF20500E8367B /* DdayIntent.entitlements */ = {isa = PBXFileReference; lastKnownFileType = text.plist.entitlements; path = DdayIntent.entitlements; sourceTree = "<group>"; };
		B5A0230B260C391900A4C6A7 /* Storage.swift */ = {isa = PBXFileReference; lastKnownFileType = sourcecode.swift; path = Storage.swift; sourceTree = "<group>"; };
		B5D35352260A04F9007A2795 /* DdayWidgetExtension.appex */ = {isa = PBXFileReference; explicitFileType = "wrapper.app-extension"; includeInIndex = 0; path = DdayWidgetExtension.appex; sourceTree = BUILT_PRODUCTS_DIR; };
		B5D35354260A04F9007A2795 /* WidgetKit.framework */ = {isa = PBXFileReference; lastKnownFileType = wrapper.framework; name = WidgetKit.framework; path = System/Library/Frameworks/WidgetKit.framework; sourceTree = SDKROOT; };
		B5D35356260A04F9007A2795 /* SwiftUI.framework */ = {isa = PBXFileReference; lastKnownFileType = wrapper.framework; name = SwiftUI.framework; path = System/Library/Frameworks/SwiftUI.framework; sourceTree = SDKROOT; };
		B5D35359260A04F9007A2795 /* DdayWidget.swift */ = {isa = PBXFileReference; lastKnownFileType = sourcecode.swift; path = DdayWidget.swift; sourceTree = "<group>"; };
		B5D3535C260A04F9007A2795 /* Assets.xcassets */ = {isa = PBXFileReference; lastKnownFileType = folder.assetcatalog; path = Assets.xcassets; sourceTree = "<group>"; };
		B5D3535E260A04F9007A2795 /* Info.plist */ = {isa = PBXFileReference; lastKnownFileType = text.plist.xml; path = Info.plist; sourceTree = "<group>"; };
		B5D35370260A07B5007A2795 /* DdayIntent.appex */ = {isa = PBXFileReference; explicitFileType = "wrapper.app-extension"; includeInIndex = 0; path = DdayIntent.appex; sourceTree = BUILT_PRODUCTS_DIR; };
		B5D35371260A07B5007A2795 /* Intents.framework */ = {isa = PBXFileReference; lastKnownFileType = wrapper.framework; name = Intents.framework; path = System/Library/Frameworks/Intents.framework; sourceTree = SDKROOT; };
		B5D35374260A07B5007A2795 /* IntentHandler.swift */ = {isa = PBXFileReference; lastKnownFileType = sourcecode.swift; path = IntentHandler.swift; sourceTree = "<group>"; };
		B5D35376260A07B5007A2795 /* Info.plist */ = {isa = PBXFileReference; lastKnownFileType = text.plist.xml; path = Info.plist; sourceTree = "<group>"; };
		B5D3539B260A198E007A2795 /* ConfigurationIntent.intentdefinition */ = {isa = PBXFileReference; lastKnownFileType = file.intentdefinition; path = ConfigurationIntent.intentdefinition; sourceTree = "<group>"; };
		B5D454A7262EEE6700FEBE2C /* Notifications.swift */ = {isa = PBXFileReference; fileEncoding = 4; lastKnownFileType = sourcecode.swift; path = Notifications.swift; sourceTree = "<group>"; };
		B5E92C84262959CD00F4D8E1 /* DetailDdayController.swift */ = {isa = PBXFileReference; lastKnownFileType = sourcecode.swift; path = DetailDdayController.swift; sourceTree = "<group>"; };
		B5E92C8C262959E100F4D8E1 /* DetailDdayController.storyboard */ = {isa = PBXFileReference; lastKnownFileType = file.storyboard; path = DetailDdayController.storyboard; sourceTree = "<group>"; };
		B5FE0D86260312E00028DD9C /* SimpleDday.app */ = {isa = PBXFileReference; explicitFileType = wrapper.application; includeInIndex = 0; path = SimpleDday.app; sourceTree = BUILT_PRODUCTS_DIR; };
		B5FE0D89260312E00028DD9C /* AppDelegate.swift */ = {isa = PBXFileReference; lastKnownFileType = sourcecode.swift; path = AppDelegate.swift; sourceTree = "<group>"; };
		B5FE0D8B260312E00028DD9C /* SceneDelegate.swift */ = {isa = PBXFileReference; lastKnownFileType = sourcecode.swift; path = SceneDelegate.swift; sourceTree = "<group>"; };
		B5FE0D8D260312E00028DD9C /* MainViewController.swift */ = {isa = PBXFileReference; lastKnownFileType = sourcecode.swift; path = MainViewController.swift; sourceTree = "<group>"; };
		B5FE0D90260312E00028DD9C /* Base */ = {isa = PBXFileReference; lastKnownFileType = file.storyboard; name = Base; path = Base.lproj/Main.storyboard; sourceTree = "<group>"; };
		B5FE0D92260312E00028DD9C /* Assets.xcassets */ = {isa = PBXFileReference; lastKnownFileType = folder.assetcatalog; path = Assets.xcassets; sourceTree = "<group>"; };
		B5FE0D95260312E00028DD9C /* Base */ = {isa = PBXFileReference; lastKnownFileType = file.storyboard; name = Base; path = Base.lproj/LaunchScreen.storyboard; sourceTree = "<group>"; };
		B5FE0D97260312E00028DD9C /* Info.plist */ = {isa = PBXFileReference; lastKnownFileType = text.plist.xml; path = Info.plist; sourceTree = "<group>"; };
		B5FE0D9F2603269C0028DD9C /* Common.swift */ = {isa = PBXFileReference; lastKnownFileType = sourcecode.swift; path = Common.swift; sourceTree = "<group>"; };
/* End PBXFileReference section */

/* Begin PBXFrameworksBuildPhase section */
		B5D3534F260A04F9007A2795 /* Frameworks */ = {
			isa = PBXFrameworksBuildPhase;
			buildActionMask = 2147483647;
			files = (
				B5D35357260A04F9007A2795 /* SwiftUI.framework in Frameworks */,
				B5D35355260A04F9007A2795 /* WidgetKit.framework in Frameworks */,
			);
			runOnlyForDeploymentPostprocessing = 0;
		};
		B5D3536D260A07B5007A2795 /* Frameworks */ = {
			isa = PBXFrameworksBuildPhase;
			buildActionMask = 2147483647;
			files = (
				B5D35372260A07B5007A2795 /* Intents.framework in Frameworks */,
			);
			runOnlyForDeploymentPostprocessing = 0;
		};
		B5FE0D83260312E00028DD9C /* Frameworks */ = {
			isa = PBXFrameworksBuildPhase;
			buildActionMask = 2147483647;
			files = (
			);
			runOnlyForDeploymentPostprocessing = 0;
		};
/* End PBXFrameworksBuildPhase section */

/* Begin PBXGroup section */
		B54F5DA6262C1904009AEC88 /* Help */ = {
			isa = PBXGroup;
			children = (
				B54F5DA8262C193A009AEC88 /* WidgetHelpViewController.swift */,
				B54F5DAD262C1947009AEC88 /* WidgetHelpViewController.storyboard */,
			);
			path = Help;
			sourceTree = "<group>";
		};
		B59B588A2624770600AFBA14 /* Common */ = {
			isa = PBXGroup;
			children = (
				B5FE0D9F2603269C0028DD9C /* Common.swift */,
				B5A0230B260C391900A4C6A7 /* Storage.swift */,
				B51064442638156900439341 /* Theme.swift */,
				B5D454A7262EEE6700FEBE2C /* Notifications.swift */,
			);
			path = Common;
			sourceTree = "<group>";
		};
		B59B588B2624773300AFBA14 /* ListCell */ = {
			isa = PBXGroup;
			children = (
				B54E4F6626049EDD007491C0 /* DdayListCell.swift */,
				B54E4F6726049EDD007491C0 /* DdayListCell.xib */,
			);
			path = ListCell;
			sourceTree = "<group>";
		};
		B59B588C2624777E00AFBA14 /* Main */ = {
			isa = PBXGroup;
			children = (
				B5FE0D8D260312E00028DD9C /* MainViewController.swift */,
				B5FE0D8F260312E00028DD9C /* Main.storyboard */,
			);
			path = Main;
			sourceTree = "<group>";
		};
		B59B588E262477BB00AFBA14 /* AddDday */ = {
			isa = PBXGroup;
			children = (
				B523D9982603806700C52185 /* AddDdayViewController.swift */,
				B523D99B2603807E00C52185 /* AddDdayViewController.storyboard */,
			);
			path = AddDday;
			sourceTree = "<group>";
		};
		B5D35353260A04F9007A2795 /* Frameworks */ = {
			isa = PBXGroup;
			children = (
				B5D35354260A04F9007A2795 /* WidgetKit.framework */,
				B5D35356260A04F9007A2795 /* SwiftUI.framework */,
				B5D35371260A07B5007A2795 /* Intents.framework */,
			);
			name = Frameworks;
			sourceTree = "<group>";
		};
		B5D35358260A04F9007A2795 /* DdayWidget */ = {
			isa = PBXGroup;
			children = (
				B5D35359260A04F9007A2795 /* DdayWidget.swift */,
				B5D3539B260A198E007A2795 /* ConfigurationIntent.intentdefinition */,
				B5D3535C260A04F9007A2795 /* Assets.xcassets */,
				B5D3535E260A04F9007A2795 /* Info.plist */,
			);
			path = DdayWidget;
			sourceTree = "<group>";
		};
		B5D35373260A07B5007A2795 /* DdayIntent */ = {
			isa = PBXGroup;
			children = (
				B592BE41260EF20500E8367B /* DdayIntent.entitlements */,
				B5D35374260A07B5007A2795 /* IntentHandler.swift */,
				B5D35376260A07B5007A2795 /* Info.plist */,
			);
			path = DdayIntent;
			sourceTree = "<group>";
		};
		B5E92C83262959A000F4D8E1 /* Detail */ = {
			isa = PBXGroup;
			children = (
				B5E92C84262959CD00F4D8E1 /* DetailDdayController.swift */,
				B5E92C8C262959E100F4D8E1 /* DetailDdayController.storyboard */,
			);
			path = Detail;
			sourceTree = "<group>";
		};
		B5FE0D7D260312E00028DD9C = {
			isa = PBXGroup;
			children = (
				B592BE3D260EF1FF00E8367B /* DdayWidgetExtension.entitlements */,
				B5FE0D88260312E00028DD9C /* SimpleDday */,
				B5D35358260A04F9007A2795 /* DdayWidget */,
				B5D35373260A07B5007A2795 /* DdayIntent */,
				B5D35353260A04F9007A2795 /* Frameworks */,
				B5FE0D87260312E00028DD9C /* Products */,
			);
			sourceTree = "<group>";
		};
		B5FE0D87260312E00028DD9C /* Products */ = {
			isa = PBXGroup;
			children = (
				B5FE0D86260312E00028DD9C /* SimpleDday.app */,
				B5D35352260A04F9007A2795 /* DdayWidgetExtension.appex */,
				B5D35370260A07B5007A2795 /* DdayIntent.appex */,
			);
			name = Products;
			sourceTree = "<group>";
		};
		B5FE0D88260312E00028DD9C /* SimpleDday */ = {
			isa = PBXGroup;
			children = (
				B592BE3C260EF1F300E8367B /* SimpleDday.entitlements */,
				B5FE0D89260312E00028DD9C /* AppDelegate.swift */,
				B5FE0D8B260312E00028DD9C /* SceneDelegate.swift */,
				B59B588A2624770600AFBA14 /* Common */,
				B59B588B2624773300AFBA14 /* ListCell */,
				B59B588C2624777E00AFBA14 /* Main */,
				B59B588E262477BB00AFBA14 /* AddDday */,
				B5E92C83262959A000F4D8E1 /* Detail */,
				B54F5DA6262C1904009AEC88 /* Help */,
				B5FE0D92260312E00028DD9C /* Assets.xcassets */,
				B5FE0D94260312E00028DD9C /* LaunchScreen.storyboard */,
				B5FE0D97260312E00028DD9C /* Info.plist */,
			);
			path = SimpleDday;
			sourceTree = "<group>";
		};
/* End PBXGroup section */

/* Begin PBXNativeTarget section */
		B5D35351260A04F9007A2795 /* DdayWidgetExtension */ = {
			isa = PBXNativeTarget;
			buildConfigurationList = B5D35367260A04F9007A2795 /* Build configuration list for PBXNativeTarget "DdayWidgetExtension" */;
			buildPhases = (
				B5D3534E260A04F9007A2795 /* Sources */,
				B5D3534F260A04F9007A2795 /* Frameworks */,
				B5D35350260A04F9007A2795 /* Resources */,
			);
			buildRules = (
			);
			dependencies = (
			);
			name = DdayWidgetExtension;
			productName = DdayWidgetExtension;
			productReference = B5D35352260A04F9007A2795 /* DdayWidgetExtension.appex */;
			productType = "com.apple.product-type.app-extension";
		};
		B5D3536F260A07B5007A2795 /* DdayIntent */ = {
			isa = PBXNativeTarget;
			buildConfigurationList = B5D3537A260A07B5007A2795 /* Build configuration list for PBXNativeTarget "DdayIntent" */;
			buildPhases = (
				B5D3536C260A07B5007A2795 /* Sources */,
				B5D3536D260A07B5007A2795 /* Frameworks */,
				B5D3536E260A07B5007A2795 /* Resources */,
			);
			buildRules = (
			);
			dependencies = (
			);
			name = DdayIntent;
			productName = DdayIntent;
			productReference = B5D35370260A07B5007A2795 /* DdayIntent.appex */;
			productType = "com.apple.product-type.app-extension";
		};
		B5FE0D85260312E00028DD9C /* SimpleDday */ = {
			isa = PBXNativeTarget;
			buildConfigurationList = B5FE0D9A260312E00028DD9C /* Build configuration list for PBXNativeTarget "SimpleDday" */;
			buildPhases = (
				B5FE0D82260312E00028DD9C /* Sources */,
				B5FE0D83260312E00028DD9C /* Frameworks */,
				B5FE0D84260312E00028DD9C /* Resources */,
				B5D35364260A04F9007A2795 /* Embed App Extensions */,
			);
			buildRules = (
			);
			dependencies = (
				B5D35362260A04F9007A2795 /* PBXTargetDependency */,
				B5D35378260A07B5007A2795 /* PBXTargetDependency */,
			);
			name = SimpleDday;
			productName = SimpleDday;
			productReference = B5FE0D86260312E00028DD9C /* SimpleDday.app */;
			productType = "com.apple.product-type.application";
		};
/* End PBXNativeTarget section */

/* Begin PBXProject section */
		B5FE0D7E260312E00028DD9C /* Project object */ = {
			isa = PBXProject;
			attributes = {
				LastSwiftUpdateCheck = 1240;
				LastUpgradeCheck = 1240;
				TargetAttributes = {
					B5D35351260A04F9007A2795 = {
						CreatedOnToolsVersion = 12.4;
					};
					B5D3536F260A07B5007A2795 = {
						CreatedOnToolsVersion = 12.4;
					};
					B5FE0D85260312E00028DD9C = {
						CreatedOnToolsVersion = 12.4;
					};
				};
			};
			buildConfigurationList = B5FE0D81260312E00028DD9C /* Build configuration list for PBXProject "SimpleDday" */;
			compatibilityVersion = "Xcode 9.3";
			developmentRegion = en;
			hasScannedForEncodings = 0;
			knownRegions = (
				en,
				Base,
			);
			mainGroup = B5FE0D7D260312E00028DD9C;
			productRefGroup = B5FE0D87260312E00028DD9C /* Products */;
			projectDirPath = "";
			projectRoot = "";
			targets = (
				B5FE0D85260312E00028DD9C /* SimpleDday */,
				B5D35351260A04F9007A2795 /* DdayWidgetExtension */,
				B5D3536F260A07B5007A2795 /* DdayIntent */,
			);
		};
/* End PBXProject section */

/* Begin PBXResourcesBuildPhase section */
		B5D35350260A04F9007A2795 /* Resources */ = {
			isa = PBXResourcesBuildPhase;
			buildActionMask = 2147483647;
			files = (
				B5D3535D260A04F9007A2795 /* Assets.xcassets in Resources */,
			);
			runOnlyForDeploymentPostprocessing = 0;
		};
		B5D3536E260A07B5007A2795 /* Resources */ = {
			isa = PBXResourcesBuildPhase;
			buildActionMask = 2147483647;
			files = (
			);
			runOnlyForDeploymentPostprocessing = 0;
		};
		B5FE0D84260312E00028DD9C /* Resources */ = {
			isa = PBXResourcesBuildPhase;
			buildActionMask = 2147483647;
			files = (
				B54E4F6926049EDD007491C0 /* DdayListCell.xib in Resources */,
				B5FE0D96260312E00028DD9C /* LaunchScreen.storyboard in Resources */,
				B5FE0D93260312E00028DD9C /* Assets.xcassets in Resources */,
				B523D99C2603807E00C52185 /* AddDdayViewController.storyboard in Resources */,
				B5FE0D91260312E00028DD9C /* Main.storyboard in Resources */,
				B54F5DAE262C1947009AEC88 /* WidgetHelpViewController.storyboard in Resources */,
				B5E92C8D262959E100F4D8E1 /* DetailDdayController.storyboard in Resources */,
			);
			runOnlyForDeploymentPostprocessing = 0;
		};
/* End PBXResourcesBuildPhase section */

/* Begin PBXSourcesBuildPhase section */
		B5D3534E260A04F9007A2795 /* Sources */ = {
			isa = PBXSourcesBuildPhase;
			buildActionMask = 2147483647;
			files = (
				B5D3535A260A04F9007A2795 /* DdayWidget.swift in Sources */,
				B5A02313260C497900A4C6A7 /* Storage.swift in Sources */,
				B51064462638156900439341 /* Theme.swift in Sources */,
				B5D353C3260A2784007A2795 /* Common.swift in Sources */,
				B5D353B8260A20BB007A2795 /* ConfigurationIntent.intentdefinition in Sources */,
			);
			runOnlyForDeploymentPostprocessing = 0;
		};
		B5D3536C260A07B5007A2795 /* Sources */ = {
			isa = PBXSourcesBuildPhase;
			buildActionMask = 2147483647;
			files = (
				B5D35375260A07B5007A2795 /* IntentHandler.swift in Sources */,
				B5A02317260C497A00A4C6A7 /* Storage.swift in Sources */,
				B51064472638156900439341 /* Theme.swift in Sources */,
				B5D353C7260A2785007A2795 /* Common.swift in Sources */,
				B5D353BC260A20BB007A2795 /* ConfigurationIntent.intentdefinition in Sources */,
			);
			runOnlyForDeploymentPostprocessing = 0;
		};
		B5FE0D82260312E00028DD9C /* Sources */ = {
			isa = PBXSourcesBuildPhase;
			buildActionMask = 2147483647;
			files = (
				B5FE0DA02603269C0028DD9C /* Common.swift in Sources */,
				B523D9992603806700C52185 /* AddDdayViewController.swift in Sources */,
				B5D454A8262EEE6700FEBE2C /* Notifications.swift in Sources */,
				B5FE0D8E260312E00028DD9C /* MainViewController.swift in Sources */,
				B54F5DA9262C193A009AEC88 /* WidgetHelpViewController.swift in Sources */,
				B5E92C85262959CD00F4D8E1 /* DetailDdayController.swift in Sources */,
				B5FE0D8A260312E00028DD9C /* AppDelegate.swift in Sources */,
				B54E4F6826049EDD007491C0 /* DdayListCell.swift in Sources */,
				B5A0230C260C391900A4C6A7 /* Storage.swift in Sources */,
				B51064452638156900439341 /* Theme.swift in Sources */,
				B5FE0D8C260312E00028DD9C /* SceneDelegate.swift in Sources */,
				B5D3539C260A198E007A2795 /* ConfigurationIntent.intentdefinition in Sources */,
			);
			runOnlyForDeploymentPostprocessing = 0;
		};
/* End PBXSourcesBuildPhase section */

/* Begin PBXTargetDependency section */
		B5D35362260A04F9007A2795 /* PBXTargetDependency */ = {
			isa = PBXTargetDependency;
			target = B5D35351260A04F9007A2795 /* DdayWidgetExtension */;
			targetProxy = B5D35361260A04F9007A2795 /* PBXContainerItemProxy */;
		};
		B5D35378260A07B5007A2795 /* PBXTargetDependency */ = {
			isa = PBXTargetDependency;
			target = B5D3536F260A07B5007A2795 /* DdayIntent */;
			targetProxy = B5D35377260A07B5007A2795 /* PBXContainerItemProxy */;
		};
/* End PBXTargetDependency section */

/* Begin PBXVariantGroup section */
		B5FE0D8F260312E00028DD9C /* Main.storyboard */ = {
			isa = PBXVariantGroup;
			children = (
				B5FE0D90260312E00028DD9C /* Base */,
			);
			name = Main.storyboard;
			sourceTree = "<group>";
		};
		B5FE0D94260312E00028DD9C /* LaunchScreen.storyboard */ = {
			isa = PBXVariantGroup;
			children = (
				B5FE0D95260312E00028DD9C /* Base */,
			);
			name = LaunchScreen.storyboard;
			sourceTree = "<group>";
		};
/* End PBXVariantGroup section */

/* Begin XCBuildConfiguration section */
		B5D35365260A04F9007A2795 /* Debug */ = {
			isa = XCBuildConfiguration;
			buildSettings = {
				ASSETCATALOG_COMPILER_GLOBAL_ACCENT_COLOR_NAME = AccentColor;
				ASSETCATALOG_COMPILER_WIDGET_BACKGROUND_COLOR_NAME = WidgetBackground;
				CODE_SIGN_ENTITLEMENTS = DdayWidgetExtension.entitlements;
				CODE_SIGN_STYLE = Automatic;
				CURRENT_PROJECT_VERSION = 202105061;
				DEVELOPMENT_TEAM = NSCRL9SYQK;
				INFOPLIST_FILE = DdayWidget/Info.plist;
				LD_RUNPATH_SEARCH_PATHS = (
					"$(inherited)",
					"@executable_path/Frameworks",
					"@executable_path/../../Frameworks",
				);
				MARKETING_VERSION = 1.01;
				PRODUCT_BUNDLE_IDENTIFIER = com.sbk.SimpleDday.DdayWidget;
				PRODUCT_NAME = "$(TARGET_NAME)";
				SKIP_INSTALL = YES;
				SWIFT_VERSION = 5.0;
				TARGETED_DEVICE_FAMILY = "1,2";
			};
			name = Debug;
		};
		B5D35366260A04F9007A2795 /* Release */ = {
			isa = XCBuildConfiguration;
			buildSettings = {
				ASSETCATALOG_COMPILER_GLOBAL_ACCENT_COLOR_NAME = AccentColor;
				ASSETCATALOG_COMPILER_WIDGET_BACKGROUND_COLOR_NAME = WidgetBackground;
				CODE_SIGN_ENTITLEMENTS = DdayWidgetExtension.entitlements;
				CODE_SIGN_STYLE = Automatic;
				CURRENT_PROJECT_VERSION = 202105061;
				DEVELOPMENT_TEAM = NSCRL9SYQK;
				INFOPLIST_FILE = DdayWidget/Info.plist;
				LD_RUNPATH_SEARCH_PATHS = (
					"$(inherited)",
					"@executable_path/Frameworks",
					"@executable_path/../../Frameworks",
				);
				MARKETING_VERSION = 1.01;
				PRODUCT_BUNDLE_IDENTIFIER = com.sbk.SimpleDday.DdayWidget;
				PRODUCT_NAME = "$(TARGET_NAME)";
				SKIP_INSTALL = YES;
				SWIFT_VERSION = 5.0;
				TARGETED_DEVICE_FAMILY = "1,2";
			};
			name = Release;
		};
		B5D3537B260A07B5007A2795 /* Debug */ = {
			isa = XCBuildConfiguration;
			buildSettings = {
				CODE_SIGN_ENTITLEMENTS = DdayIntent/DdayIntent.entitlements;
				CODE_SIGN_STYLE = Automatic;
				CURRENT_PROJECT_VERSION = 202105061;
				DEVELOPMENT_TEAM = NSCRL9SYQK;
				INFOPLIST_FILE = DdayIntent/Info.plist;
				LD_RUNPATH_SEARCH_PATHS = (
					"$(inherited)",
					"@executable_path/Frameworks",
					"@executable_path/../../Frameworks",
				);
				MARKETING_VERSION = 1.01;
				PRODUCT_BUNDLE_IDENTIFIER = com.sbk.SimpleDday.DdayIntent;
				PRODUCT_NAME = "$(TARGET_NAME)";
				SKIP_INSTALL = YES;
				SWIFT_VERSION = 5.0;
				TARGETED_DEVICE_FAMILY = "1,2";
			};
			name = Debug;
		};
		B5D3537C260A07B5007A2795 /* Release */ = {
			isa = XCBuildConfiguration;
			buildSettings = {
				CODE_SIGN_ENTITLEMENTS = DdayIntent/DdayIntent.entitlements;
				CODE_SIGN_STYLE = Automatic;
				CURRENT_PROJECT_VERSION = 202105061;
				DEVELOPMENT_TEAM = NSCRL9SYQK;
				INFOPLIST_FILE = DdayIntent/Info.plist;
				LD_RUNPATH_SEARCH_PATHS = (
					"$(inherited)",
					"@executable_path/Frameworks",
					"@executable_path/../../Frameworks",
				);
				MARKETING_VERSION = 1.01;
				PRODUCT_BUNDLE_IDENTIFIER = com.sbk.SimpleDday.DdayIntent;
				PRODUCT_NAME = "$(TARGET_NAME)";
				SKIP_INSTALL = YES;
				SWIFT_VERSION = 5.0;
				TARGETED_DEVICE_FAMILY = "1,2";
			};
			name = Release;
		};
		B5FE0D98260312E00028DD9C /* Debug */ = {
			isa = XCBuildConfiguration;
			buildSettings = {
				ALWAYS_SEARCH_USER_PATHS = NO;
				CLANG_ANALYZER_NONNULL = YES;
				CLANG_ANALYZER_NUMBER_OBJECT_CONVERSION = YES_AGGRESSIVE;
				CLANG_CXX_LANGUAGE_STANDARD = "gnu++14";
				CLANG_CXX_LIBRARY = "libc++";
				CLANG_ENABLE_MODULES = YES;
				CLANG_ENABLE_OBJC_ARC = YES;
				CLANG_ENABLE_OBJC_WEAK = YES;
				CLANG_WARN_BLOCK_CAPTURE_AUTORELEASING = YES;
				CLANG_WARN_BOOL_CONVERSION = YES;
				CLANG_WARN_COMMA = YES;
				CLANG_WARN_CONSTANT_CONVERSION = YES;
				CLANG_WARN_DEPRECATED_OBJC_IMPLEMENTATIONS = YES;
				CLANG_WARN_DIRECT_OBJC_ISA_USAGE = YES_ERROR;
				CLANG_WARN_DOCUMENTATION_COMMENTS = YES;
				CLANG_WARN_EMPTY_BODY = YES;
				CLANG_WARN_ENUM_CONVERSION = YES;
				CLANG_WARN_INFINITE_RECURSION = YES;
				CLANG_WARN_INT_CONVERSION = YES;
				CLANG_WARN_NON_LITERAL_NULL_CONVERSION = YES;
				CLANG_WARN_OBJC_IMPLICIT_RETAIN_SELF = YES;
				CLANG_WARN_OBJC_LITERAL_CONVERSION = YES;
				CLANG_WARN_OBJC_ROOT_CLASS = YES_ERROR;
				CLANG_WARN_QUOTED_INCLUDE_IN_FRAMEWORK_HEADER = YES;
				CLANG_WARN_RANGE_LOOP_ANALYSIS = YES;
				CLANG_WARN_STRICT_PROTOTYPES = YES;
				CLANG_WARN_SUSPICIOUS_MOVE = YES;
				CLANG_WARN_UNGUARDED_AVAILABILITY = YES_AGGRESSIVE;
				CLANG_WARN_UNREACHABLE_CODE = YES;
				CLANG_WARN__DUPLICATE_METHOD_MATCH = YES;
				COPY_PHASE_STRIP = NO;
				DEBUG_INFORMATION_FORMAT = dwarf;
				ENABLE_STRICT_OBJC_MSGSEND = YES;
				ENABLE_TESTABILITY = YES;
				GCC_C_LANGUAGE_STANDARD = gnu11;
				GCC_DYNAMIC_NO_PIC = NO;
				GCC_NO_COMMON_BLOCKS = YES;
				GCC_OPTIMIZATION_LEVEL = 0;
				GCC_PREPROCESSOR_DEFINITIONS = (
					"DEBUG=1",
					"$(inherited)",
				);
				GCC_WARN_64_TO_32_BIT_CONVERSION = YES;
				GCC_WARN_ABOUT_RETURN_TYPE = YES_ERROR;
				GCC_WARN_UNDECLARED_SELECTOR = YES;
				GCC_WARN_UNINITIALIZED_AUTOS = YES_AGGRESSIVE;
				GCC_WARN_UNUSED_FUNCTION = YES;
				GCC_WARN_UNUSED_VARIABLE = YES;
				IPHONEOS_DEPLOYMENT_TARGET = 14.1;
				MTL_ENABLE_DEBUG_INFO = INCLUDE_SOURCE;
				MTL_FAST_MATH = YES;
				ONLY_ACTIVE_ARCH = YES;
				SDKROOT = iphoneos;
				SWIFT_ACTIVE_COMPILATION_CONDITIONS = DEBUG;
				SWIFT_OPTIMIZATION_LEVEL = "-Onone";
			};
			name = Debug;
		};
		B5FE0D99260312E00028DD9C /* Release */ = {
			isa = XCBuildConfiguration;
			buildSettings = {
				ALWAYS_SEARCH_USER_PATHS = NO;
				CLANG_ANALYZER_NONNULL = YES;
				CLANG_ANALYZER_NUMBER_OBJECT_CONVERSION = YES_AGGRESSIVE;
				CLANG_CXX_LANGUAGE_STANDARD = "gnu++14";
				CLANG_CXX_LIBRARY = "libc++";
				CLANG_ENABLE_MODULES = YES;
				CLANG_ENABLE_OBJC_ARC = YES;
				CLANG_ENABLE_OBJC_WEAK = YES;
				CLANG_WARN_BLOCK_CAPTURE_AUTORELEASING = YES;
				CLANG_WARN_BOOL_CONVERSION = YES;
				CLANG_WARN_COMMA = YES;
				CLANG_WARN_CONSTANT_CONVERSION = YES;
				CLANG_WARN_DEPRECATED_OBJC_IMPLEMENTATIONS = YES;
				CLANG_WARN_DIRECT_OBJC_ISA_USAGE = YES_ERROR;
				CLANG_WARN_DOCUMENTATION_COMMENTS = YES;
				CLANG_WARN_EMPTY_BODY = YES;
				CLANG_WARN_ENUM_CONVERSION = YES;
				CLANG_WARN_INFINITE_RECURSION = YES;
				CLANG_WARN_INT_CONVERSION = YES;
				CLANG_WARN_NON_LITERAL_NULL_CONVERSION = YES;
				CLANG_WARN_OBJC_IMPLICIT_RETAIN_SELF = YES;
				CLANG_WARN_OBJC_LITERAL_CONVERSION = YES;
				CLANG_WARN_OBJC_ROOT_CLASS = YES_ERROR;
				CLANG_WARN_QUOTED_INCLUDE_IN_FRAMEWORK_HEADER = YES;
				CLANG_WARN_RANGE_LOOP_ANALYSIS = YES;
				CLANG_WARN_STRICT_PROTOTYPES = YES;
				CLANG_WARN_SUSPICIOUS_MOVE = YES;
				CLANG_WARN_UNGUARDED_AVAILABILITY = YES_AGGRESSIVE;
				CLANG_WARN_UNREACHABLE_CODE = YES;
				CLANG_WARN__DUPLICATE_METHOD_MATCH = YES;
				COPY_PHASE_STRIP = NO;
				DEBUG_INFORMATION_FORMAT = "dwarf-with-dsym";
				ENABLE_NS_ASSERTIONS = NO;
				ENABLE_STRICT_OBJC_MSGSEND = YES;
				GCC_C_LANGUAGE_STANDARD = gnu11;
				GCC_NO_COMMON_BLOCKS = YES;
				GCC_WARN_64_TO_32_BIT_CONVERSION = YES;
				GCC_WARN_ABOUT_RETURN_TYPE = YES_ERROR;
				GCC_WARN_UNDECLARED_SELECTOR = YES;
				GCC_WARN_UNINITIALIZED_AUTOS = YES_AGGRESSIVE;
				GCC_WARN_UNUSED_FUNCTION = YES;
				GCC_WARN_UNUSED_VARIABLE = YES;
				IPHONEOS_DEPLOYMENT_TARGET = 14.1;
				MTL_ENABLE_DEBUG_INFO = NO;
				MTL_FAST_MATH = YES;
				SDKROOT = iphoneos;
				SWIFT_COMPILATION_MODE = wholemodule;
				SWIFT_OPTIMIZATION_LEVEL = "-O";
				VALIDATE_PRODUCT = YES;
			};
			name = Release;
		};
		B5FE0D9B260312E00028DD9C /* Debug */ = {
			isa = XCBuildConfiguration;
			buildSettings = {
				ALWAYS_EMBED_SWIFT_STANDARD_LIBRARIES = YES;
				ASSETCATALOG_COMPILER_APPICON_NAME = AppIcon;
				ASSETCATALOG_COMPILER_GLOBAL_ACCENT_COLOR_NAME = AccentColor;
				CODE_SIGN_ENTITLEMENTS = SimpleDday/SimpleDday.entitlements;
				CODE_SIGN_STYLE = Automatic;
				CURRENT_PROJECT_VERSION = 202105061;
				DEVELOPMENT_TEAM = NSCRL9SYQK;
				INFOPLIST_FILE = SimpleDday/Info.plist;
				LD_RUNPATH_SEARCH_PATHS = (
					"$(inherited)",
					"@executable_path/Frameworks",
				);
				MARKETING_VERSION = 1.01;
				PRODUCT_BUNDLE_IDENTIFIER = com.sbk.SimpleDday;
				PRODUCT_NAME = "$(TARGET_NAME)";
				SWIFT_VERSION = 5.0;
				TARGETED_DEVICE_FAMILY = 1;
			};
			name = Debug;
		};
		B5FE0D9C260312E00028DD9C /* Release */ = {
			isa = XCBuildConfiguration;
			buildSettings = {
				ALWAYS_EMBED_SWIFT_STANDARD_LIBRARIES = YES;
				ASSETCATALOG_COMPILER_APPICON_NAME = AppIcon;
				ASSETCATALOG_COMPILER_GLOBAL_ACCENT_COLOR_NAME = AccentColor;
				CODE_SIGN_ENTITLEMENTS = SimpleDday/SimpleDday.entitlements;
				CODE_SIGN_STYLE = Automatic;
				CURRENT_PROJECT_VERSION = 202105061;
				DEVELOPMENT_TEAM = NSCRL9SYQK;
				INFOPLIST_FILE = SimpleDday/Info.plist;
				LD_RUNPATH_SEARCH_PATHS = (
					"$(inherited)",
					"@executable_path/Frameworks",
				);
				MARKETING_VERSION = 1.01;
				PRODUCT_BUNDLE_IDENTIFIER = com.sbk.SimpleDday;
				PRODUCT_NAME = "$(TARGET_NAME)";
				SWIFT_VERSION = 5.0;
				TARGETED_DEVICE_FAMILY = 1;
			};
			name = Release;
		};
/* End XCBuildConfiguration section */

/* Begin XCConfigurationList section */
		B5D35367260A04F9007A2795 /* Build configuration list for PBXNativeTarget "DdayWidgetExtension" */ = {
			isa = XCConfigurationList;
			buildConfigurations = (
				B5D35365260A04F9007A2795 /* Debug */,
				B5D35366260A04F9007A2795 /* Release */,
			);
			defaultConfigurationIsVisible = 0;
			defaultConfigurationName = Release;
		};
		B5D3537A260A07B5007A2795 /* Build configuration list for PBXNativeTarget "DdayIntent" */ = {
			isa = XCConfigurationList;
			buildConfigurations = (
				B5D3537B260A07B5007A2795 /* Debug */,
				B5D3537C260A07B5007A2795 /* Release */,
			);
			defaultConfigurationIsVisible = 0;
			defaultConfigurationName = Release;
		};
		B5FE0D81260312E00028DD9C /* Build configuration list for PBXProject "SimpleDday" */ = {
			isa = XCConfigurationList;
			buildConfigurations = (
				B5FE0D98260312E00028DD9C /* Debug */,
				B5FE0D99260312E00028DD9C /* Release */,
			);
			defaultConfigurationIsVisible = 0;
			defaultConfigurationName = Release;
		};
		B5FE0D9A260312E00028DD9C /* Build configuration list for PBXNativeTarget "SimpleDday" */ = {
			isa = XCConfigurationList;
			buildConfigurations = (
				B5FE0D9B260312E00028DD9C /* Debug */,
				B5FE0D9C260312E00028DD9C /* Release */,
			);
			defaultConfigurationIsVisible = 0;
			defaultConfigurationName = Release;
		};
/* End XCConfigurationList section */
	};
	rootObject = B5FE0D7E260312E00028DD9C /* Project object */;
}
